
Microsoft Visual Studio Solution File, Format Version 12.00
# Visual Studio 15
Project("{FAE04EC0-301F-11D3-BF4B-00C04F79EFBC}") = "Nasdaq.Data", "Nasdaq.Data\Nasdaq.Data.csproj", "{AEC78C33-9F5D-46E3-BB6A-6BFA7F14858B}"
EndProject
Project("{FAE04EC0-301F-11D3-BF4B-00C04F79EFBC}") = "Nasdaq2TDengine", "Nasdaq2TDengine\Nasdaq2TDengine.csproj", "{235AB5D7-084D-4FDC-8EF8-527354D5094C}"
EndProject
Project("{FAE04EC0-301F-11D3-BF4B-00C04F79EFBC}") = "Nasdaq2DolphinDB", "Nasdaq2DolphinDB\Nasdaq2DolphinDB.csproj", "{44C79FBB-1373-4E47-8E8D-EE390CB449F4}"
EndProject
Project("{FAE04EC0-301F-11D3-BF4B-00C04F79EFBC}") = "Nasdaq2InfluxDB", "Nasdaq2InfluxDB\Nasdaq2InfluxDB.csproj", "{B5E15B7C-1E22-47C4-88B3-A0BEB8773822}"
EndProject
Project("{FAE04EC0-301F-11D3-BF4B-00C04F79EFBC}") = "NasdaqImport2InfluxDB", "NasdaqImport2InfluxDB\NasdaqImport2InfluxDB.csproj", "{A1DE068A-B77E-476C-9921-D0ABA32AB565}"
EndProject
Project("{FAE04EC0-301F-11D3-BF4B-00C04F79EFBC}") = "ConvertDateTime2Int", "ConvertDateTime2Int\ConvertDateTime2Int.csproj", "{B819DDEE-065E-4012-8CC8-D1F4CF716AA2}"
EndProject
Global
	GlobalSection(SolutionConfigurationPlatforms) = preSolution
		Debug|Any CPU = Debug|Any CPU
		Release|Any CPU = Release|Any CPU
	EndGlobalSection
	GlobalSection(ProjectConfigurationPlatforms) = postSolution
		{AEC78C33-9F5D-46E3-BB6A-6BFA7F14858B}.Debug|Any CPU.ActiveCfg = Debug|Any CPU
		{AEC78C33-9F5D-46E3-BB6A-6BFA7F14858B}.Debug|Any CPU.Build.0 = Debug|Any CPU
		{AEC78C33-9F5D-46E3-BB6A-6BFA7F14858B}.Release|Any CPU.ActiveCfg = Release|Any CPU
		{AEC78C33-9F5D-46E3-BB6A-6BFA7F14858B}.Release|Any CPU.Build.0 = Release|Any CPU
		{235AB5D7-084D-4FDC-8EF8-527354D5094C}.Debug|Any CPU.ActiveCfg = Debug|Any CPU
		{235AB5D7-084D-4FDC-8EF8-527354D5094C}.Debug|Any CPU.Build.0 = Debug|Any CPU
		{235AB5D7-084D-4FDC-8EF8-527354D5094C}.Release|Any CPU.ActiveCfg = Release|Any CPU
		{235AB5D7-084D-4FDC-8EF8-527354D5094C}.Release|Any CPU.Build.0 = Release|Any CPU
		{44C79FBB-1373-4E47-8E8D-EE390CB449F4}.Debug|Any CPU.ActiveCfg = Debug|Any CPU
		{44C79FBB-1373-4E47-8E8D-EE390CB449F4}.Debug|Any CPU.Build.0 = Debug|Any CPU
		{44C79FBB-1373-4E47-8E8D-EE390CB449F4}.Release|Any CPU.ActiveCfg = Release|Any CPU
		{44C79FBB-1373-4E47-8E8D-EE390CB449F4}.Release|Any CPU.Build.0 = Release|Any CPU
		{B5E15B7C-1E22-47C4-88B3-A0BEB8773822}.Debug|Any CPU.ActiveCfg = Debug|Any CPU
		{B5E15B7C-1E22-47C4-88B3-A0BEB8773822}.Debug|Any CPU.Build.0 = Debug|Any CPU
		{B5E15B7C-1E22-47C4-88B3-A0BEB8773822}.Release|Any CPU.ActiveCfg = Release|Any CPU
		{B5E15B7C-1E22-47C4-88B3-A0BEB8773822}.Release|Any CPU.Build.0 = Release|Any CPU
		{A1DE068A-B77E-476C-9921-D0ABA32AB565}.Debug|Any CPU.ActiveCfg = Debug|Any CPU
		{A1DE068A-B77E-476C-9921-D0ABA32AB565}.Debug|Any CPU.Build.0 = Debug|Any CPU
		{A1DE068A-B77E-476C-9921-D0ABA32AB565}.Release|Any CPU.ActiveCfg = Release|Any CPU
		{A1DE068A-B77E-476C-9921-D0ABA32AB565}.Release|Any CPU.Build.0 = Release|Any CPU
		{B819DDEE-065E-4012-8CC8-D1F4CF716AA2}.Debug|Any CPU.ActiveCfg = Debug|Any CPU
		{B819DDEE-065E-4012-8CC8-D1F4CF716AA2}.Debug|Any CPU.Build.0 = Debug|Any CPU
		{B819DDEE-065E-4012-8CC8-D1F4CF716AA2}.Release|Any CPU.ActiveCfg = Release|Any CPU
		{B819DDEE-065E-4012-8CC8-D1F4CF716AA2}.Release|Any CPU.Build.0 = Release|Any CPU
	EndGlobalSection
EndGlobal
